
Microsoft Visual Studio Solution File, Format Version 12.00
# Visual Studio Version 17
VisualStudioVersion = 17.0.31903.59
MinimumVisualStudioVersion = 10.0.40219.1
Project("{2150E333-8FDC-42A3-9474-1A3956D46DE8}") = "src", "src", "{FE0923A0-98CB-4AF5-B6AA-575F55E6E2AF}"
EndProject
Project("{FAE04EC0-301F-11D3-BF4B-00C04F79EFBC}") = "TMS.Domain", "src\TMS.Domain\TMS.Domain.csproj", "{B24B9402-C206-4B6C-9468-BFBB1211C551}"
EndProject
Project("{FAE04EC0-301F-11D3-BF4B-00C04F79EFBC}") = "TMS.Application", "src\TMS.Application\TMS.Application.csproj", "{7753DF5F-595A-4C69-BBFC-37E9C098A8A2}"
EndProject
Project("{FAE04EC0-301F-11D3-BF4B-00C04F79EFBC}") = "TMS.Infrastructure", "src\TMS.Infrastructure\TMS.Infrastructure.csproj", "{88FEFB12-39D5-417B-88D4-F2533E4E3E4C}"
EndProject
Project("{FAE04EC0-301F-11D3-BF4B-00C04F79EFBC}") = "TMS.Api", "src\TMS.Api\TMS.Api.csproj", "{956AA4B1-6118-4D97-B835-22F45369D295}"
EndProject
Project("{2150E333-8FDC-42A3-9474-1A3956D46DE8}") = "tests", "tests", "{CEF57B89-2B76-4EF7-B9FC-C5F4E5CD6C26}"
EndProject
Project("{FAE04EC0-301F-11D3-BF4B-00C04F79EFBC}") = "TMS.Tests", "tests\TMS.Tests\TMS.Tests.csproj", "{82B1ACBF-C405-4E85-B0CD-8A728A758FDD}"
EndProject
Project("{2150E333-8FDC-42A3-9474-1A3956D46DE8}") = "tools", "tools", "{0861F73B-5FB8-4A5B-8DBD-2E4E60EF7B7D}"
EndProject
Project("{FAE04EC0-301F-11D3-BF4B-00C04F79EFBC}") = "TMS.DatabaseCheck", "tools\TMS.DatabaseCheck\TMS.DatabaseCheck.csproj", "{0740D920-DB56-45F0-902F-821002416B13}"
EndProject
Global
	GlobalSection(SolutionConfigurationPlatforms) = preSolution
		Debug|Any CPU = Debug|Any CPU
		Release|Any CPU = Release|Any CPU
	EndGlobalSection
	GlobalSection(SolutionProperties) = preSolution
		HideSolutionNode = FALSE
	EndGlobalSection
	GlobalSection(ProjectConfigurationPlatforms) = postSolution
		{B24B9402-C206-4B6C-9468-BFBB1211C551}.Debug|Any CPU.ActiveCfg = Debug|Any CPU
		{B24B9402-C206-4B6C-9468-BFBB1211C551}.Debug|Any CPU.Build.0 = Debug|Any CPU
		{B24B9402-C206-4B6C-9468-BFBB1211C551}.Release|Any CPU.ActiveCfg = Release|Any CPU
		{B24B9402-C206-4B6C-9468-BFBB1211C551}.Release|Any CPU.Build.0 = Release|Any CPU
		{7753DF5F-595A-4C69-BBFC-37E9C098A8A2}.Debug|Any CPU.ActiveCfg = Debug|Any CPU
		{7753DF5F-595A-4C69-BBFC-37E9C098A8A2}.Debug|Any CPU.Build.0 = Debug|Any CPU
		{7753DF5F-595A-4C69-BBFC-37E9C098A8A2}.Release|Any CPU.ActiveCfg = Release|Any CPU
		{7753DF5F-595A-4C69-BBFC-37E9C098A8A2}.Release|Any CPU.Build.0 = Release|Any CPU
		{88FEFB12-39D5-417B-88D4-F2533E4E3E4C}.Debug|Any CPU.ActiveCfg = Debug|Any CPU
		{88FEFB12-39D5-417B-88D4-F2533E4E3E4C}.Debug|Any CPU.Build.0 = Debug|Any CPU
		{88FEFB12-39D5-417B-88D4-F2533E4E3E4C}.Release|Any CPU.ActiveCfg = Release|Any CPU
		{88FEFB12-39D5-417B-88D4-F2533E4E3E4C}.Release|Any CPU.Build.0 = Release|Any CPU
		{956AA4B1-6118-4D97-B835-22F45369D295}.Debug|Any CPU.ActiveCfg = Debug|Any CPU
		{956AA4B1-6118-4D97-B835-22F45369D295}.Debug|Any CPU.Build.0 = Debug|Any CPU
		{956AA4B1-6118-4D97-B835-22F45369D295}.Release|Any CPU.ActiveCfg = Release|Any CPU
		{956AA4B1-6118-4D97-B835-22F45369D295}.Release|Any CPU.Build.0 = Release|Any CPU
		{82B1ACBF-C405-4E85-B0CD-8A728A758FDD}.Debug|Any CPU.ActiveCfg = Debug|Any CPU
		{82B1ACBF-C405-4E85-B0CD-8A728A758FDD}.Debug|Any CPU.Build.0 = Debug|Any CPU
		{82B1ACBF-C405-4E85-B0CD-8A728A758FDD}.Release|Any CPU.ActiveCfg = Release|Any CPU
		{82B1ACBF-C405-4E85-B0CD-8A728A758FDD}.Release|Any CPU.Build.0 = Release|Any CPU
		{0740D920-DB56-45F0-902F-821002416B13}.Debug|Any CPU.ActiveCfg = Debug|Any CPU
		{0740D920-DB56-45F0-902F-821002416B13}.Debug|Any CPU.Build.0 = Debug|Any CPU
		{0740D920-DB56-45F0-902F-821002416B13}.Release|Any CPU.ActiveCfg = Release|Any CPU
		{0740D920-DB56-45F0-902F-821002416B13}.Release|Any CPU.Build.0 = Release|Any CPU
	EndGlobalSection
	GlobalSection(NestedProjects) = preSolution
		{B24B9402-C206-4B6C-9468-BFBB1211C551} = {FE0923A0-98CB-4AF5-B6AA-575F55E6E2AF}
		{7753DF5F-595A-4C69-BBFC-37E9C098A8A2} = {FE0923A0-98CB-4AF5-B6AA-575F55E6E2AF}
		{88FEFB12-39D5-417B-88D4-F2533E4E3E4C} = {FE0923A0-98CB-4AF5-B6AA-575F55E6E2AF}
		{956AA4B1-6118-4D97-B835-22F45369D295} = {FE0923A0-98CB-4AF5-B6AA-575F55E6E2AF}
		{82B1ACBF-C405-4E85-B0CD-8A728A758FDD} = {CEF57B89-2B76-4EF7-B9FC-C5F4E5CD6C26}
		{0740D920-DB56-45F0-902F-821002416B13} = {0861F73B-5FB8-4A5B-8DBD-2E4E60EF7B7D}
	EndGlobalSection
EndGlobal
